%{
  "castore": {:hex, :castore, "0.1.2", "81adb0683c4ec8ebb97ad777ec1b050405282d55453df14567a3c73ae25932a6", [:mix], [], "hexpm"},
  "mint": {:hex, :mint, "0.3.0", "f00f09363e5cdba1572519914aab3cea1a73b4737c63a29afe74a08362f5f91c", [:mix], [{:castore, "~> 0.1.0", [hex: :castore, repo: "hexpm", optional: true]}], "hexpm"}
}
